{
  "requires": true,
  "lockfileVersion": 1,
  "dependencies": {
    "@jupyterlab/application": {
      "version": "0.11.1",
      "resolved": "http://registry.npm.taobao.org/@jupyterlab/application/download/@jupyterlab/application-0.11.1.tgz",
      "integrity": "sha1-l88M7+vu4dNpt9K4qpH0xQ5CYPU=",
      "requires": {
        "@jupyterlab/apputils": "0.11.1",
        "@jupyterlab/coreutils": "0.11.1",
        "@jupyterlab/docregistry": "0.11.1",
        "@jupyterlab/rendermime": "0.11.1",
        "@jupyterlab/rendermime-interfaces": "0.4.3",
        "@jupyterlab/services": "0.50.2",
        "@phosphor/algorithm": "1.1.2",
        "@phosphor/application": "1.5.0",
        "@phosphor/commands": "1.4.0",
        "@phosphor/coreutils": "1.3.0",
        "@phosphor/disposable": "1.1.2",
        "@phosphor/messaging": "1.2.2",
        "@phosphor/properties": "1.1.2",
        "@phosphor/signaling": "1.2.2",
        "@phosphor/widgets": "1.5.0"
      }
    },
    "@jupyterlab/apputils": {
      "version": "0.11.1",
      "resolved": "http://registry.npm.taobao.org/@jupyterlab/apputils/download/@jupyterlab/apputils-0.11.1.tgz",
      "integrity": "sha1-1gaDgo0z4+xutP7k+hXPWf+ArCY=",
      "requires": {
        "@jupyterlab/coreutils": "0.11.1",
        "@jupyterlab/services": "0.50.2",
        "@phosphor/algorithm": "1.1.2",
        "@phosphor/commands": "1.4.0",
        "@phosphor/coreutils": "1.3.0",
        "@phosphor/disposable": "1.1.2",
        "@phosphor/domutils": "1.1.2",
        "@phosphor/messaging": "1.2.2",
        "@phosphor/properties": "1.1.2",
        "@phosphor/signaling": "1.2.2",
        "@phosphor/virtualdom": "1.1.2",
        "@phosphor/widgets": "1.5.0",
        "sanitize-html": "1.14.3"
      }
    },
    "@jupyterlab/codeeditor": {
      "version": "0.11.1",
      "resolved": "http://registry.npm.taobao.org/@jupyterlab/codeeditor/download/@jupyterlab/codeeditor-0.11.1.tgz",
      "integrity": "sha1-o/21JzzOWOSuJRqVefU7RNRfNUs=",
      "requires": {
        "@jupyterlab/coreutils": "0.11.1",
        "@phosphor/coreutils": "1.3.0",
        "@phosphor/disposable": "1.1.2",
        "@phosphor/messaging": "1.2.2",
        "@phosphor/signaling": "1.2.2",
        "@phosphor/virtualdom": "1.1.2",
        "@phosphor/widgets": "1.5.0"
      }
    },
    "@jupyterlab/codemirror": {
      "version": "0.11.3",
      "resolved": "http://registry.npm.taobao.org/@jupyterlab/codemirror/download/@jupyterlab/codemirror-0.11.3.tgz",
      "integrity": "sha1-Z41yhX602qxB/HTe+hgkSZQ5lFE=",
      "requires": {
        "@jupyterlab/apputils": "0.11.1",
        "@jupyterlab/codeeditor": "0.11.1",
        "@jupyterlab/coreutils": "0.11.1",
        "@phosphor/algorithm": "1.1.2",
        "@phosphor/coreutils": "1.3.0",
        "@phosphor/disposable": "1.1.2",
        "@phosphor/signaling": "1.2.2",
        "codemirror": "5.24.2"
      }
    },
    "@jupyterlab/coreutils": {
      "version": "0.11.1",
      "resolved": "http://registry.npm.taobao.org/@jupyterlab/coreutils/download/@jupyterlab/coreutils-0.11.1.tgz",
      "integrity": "sha1-QvkEh4QpMSjoDZqq97pjbbm5+iM=",
      "requires": {
        "@phosphor/algorithm": "1.1.2",
        "@phosphor/coreutils": "1.3.0",
        "@phosphor/disposable": "1.1.2",
        "@phosphor/messaging": "1.2.2",
        "@phosphor/signaling": "1.2.2",
        "ajv": "5.1.6",
        "minimist": "1.2.0",
        "moment": "2.17.1",
        "path-posix": "1.0.0",
        "url-parse": "1.1.9"
      }
    },
    "@jupyterlab/docregistry": {
      "version": "0.11.1",
      "resolved": "http://registry.npm.taobao.org/@jupyterlab/docregistry/download/@jupyterlab/docregistry-0.11.1.tgz",
      "integrity": "sha1-7AOM9ntkIoD6D0XvGTgR/y+qkKk=",
      "requires": {
        "@jupyterlab/apputils": "0.11.1",
        "@jupyterlab/codeeditor": "0.11.1",
        "@jupyterlab/codemirror": "0.11.3",
        "@jupyterlab/coreutils": "0.11.1",
        "@jupyterlab/rendermime": "0.11.1",
        "@jupyterlab/services": "0.50.2",
        "@phosphor/algorithm": "1.1.2",
        "@phosphor/coreutils": "1.3.0",
        "@phosphor/disposable": "1.1.2",
        "@phosphor/messaging": "1.2.2",
        "@phosphor/signaling": "1.2.2",
        "@phosphor/widgets": "1.5.0"
      }
    },
    "@jupyterlab/rendermime": {
      "version": "0.11.1",
      "resolved": "http://registry.npm.taobao.org/@jupyterlab/rendermime/download/@jupyterlab/rendermime-0.11.1.tgz",
      "integrity": "sha1-YOcGFLR5Ph/1NyyQZEvPtEPbu10=",
      "requires": {
        "@jupyterlab/apputils": "0.11.1",
        "@jupyterlab/codemirror": "0.11.3",
        "@jupyterlab/coreutils": "0.11.1",
        "@jupyterlab/rendermime-interfaces": "0.4.3",
        "@jupyterlab/services": "0.50.2",
        "@phosphor/coreutils": "1.3.0",
        "@phosphor/messaging": "1.2.2",
        "@phosphor/signaling": "1.2.2",
        "@phosphor/widgets": "1.5.0",
        "ansi_up": "1.3.0",
        "marked": "0.3.12"
      }
    },
    "@jupyterlab/rendermime-interfaces": {
      "version": "0.4.3",
      "resolved": "http://registry.npm.taobao.org/@jupyterlab/rendermime-interfaces/download/@jupyterlab/rendermime-interfaces-0.4.3.tgz",
      "integrity": "sha1-BgprQZl1mR0lxQPIR8G1wrqO7Mk=",
      "requires": {
        "@phosphor/coreutils": "1.3.0",
        "@phosphor/widgets": "1.5.0"
      }
    },
    "@jupyterlab/services": {
      "version": "0.50.2",
      "resolved": "http://registry.npm.taobao.org/@jupyterlab/services/download/@jupyterlab/services-0.50.2.tgz",
      "integrity": "sha1-ahjhcUCrn+JFzt4CJ0kXQSYaY7k=",
      "requires": {
        "@jupyterlab/coreutils": "0.11.1",
        "@phosphor/algorithm": "1.1.2",
        "@phosphor/coreutils": "1.3.0",
        "@phosphor/disposable": "1.1.2",
        "@phosphor/signaling": "1.2.2"
      }
    },
    "@phosphor/algorithm": {
      "version": "1.1.2",
      "resolved": "http://registry.npm.taobao.org/@phosphor/algorithm/download/@phosphor/algorithm-1.1.2.tgz",
      "integrity": "sha1-/R3pEEyafzTpKGRYbd8ufy53eeg="
    },
    "@phosphor/application": {
      "version": "1.5.0",
      "resolved": "http://registry.npm.taobao.org/@phosphor/application/download/@phosphor/application-1.5.0.tgz",
      "integrity": "sha1-jURnex1ipU3pCSa/Jckh56WiWkk=",
      "requires": {
        "@phosphor/commands": "1.4.0",
        "@phosphor/coreutils": "1.3.0",
        "@phosphor/widgets": "1.5.0"
      }
    },
    "@phosphor/collections": {
      "version": "1.1.2",
      "resolved": "http://registry.npm.taobao.org/@phosphor/collections/download/@phosphor/collections-1.1.2.tgz",
      "integrity": "sha1-xMC4uREpkF+zap8kPy273kYtq40=",
      "requires": {
        "@phosphor/algorithm": "1.1.2"
      }
    },
    "@phosphor/commands": {
      "version": "1.4.0",
      "resolved": "http://registry.npm.taobao.org/@phosphor/commands/download/@phosphor/commands-1.4.0.tgz",
      "integrity": "sha1-fiNqTAFdrzepWG/eKRiMPawgFi8=",
      "requires": {
        "@phosphor/algorithm": "1.1.2",
        "@phosphor/coreutils": "1.3.0",
        "@phosphor/disposable": "1.1.2",
        "@phosphor/domutils": "1.1.2",
        "@phosphor/keyboard": "1.1.2",
        "@phosphor/signaling": "1.2.2"
      }
    },
    "@phosphor/coreutils": {
      "version": "1.3.0",
      "resolved": "http://registry.npm.taobao.org/@phosphor/coreutils/download/@phosphor/coreutils-1.3.0.tgz",
      "integrity": "sha1-YyktOBwBLFqw0Blug87YKbfgSkI="
    },
    "@phosphor/disposable": {
      "version": "1.1.2",
      "resolved": "http://registry.npm.taobao.org/@phosphor/disposable/download/@phosphor/disposable-1.1.2.tgz",
      "integrity": "sha1-oZLdai5sadXQnTns8zTauTd4Bg4=",
      "requires": {
        "@phosphor/algorithm": "1.1.2"
      }
    },
    "@phosphor/domutils": {
      "version": "1.1.2",
      "resolved": "http://registry.npm.taobao.org/@phosphor/domutils/download/@phosphor/domutils-1.1.2.tgz",
      "integrity": "sha1-4u/rBS85jEK5O4npurJq8VzABRQ="
    },
    "@phosphor/dragdrop": {
      "version": "1.3.0",
      "resolved": "http://registry.npm.taobao.org/@phosphor/dragdrop/download/@phosphor/dragdrop-1.3.0.tgz",
      "integrity": "sha1-fOatOdbKIW1ipW94EE0Cp3rmcwc=",
      "requires": {
        "@phosphor/coreutils": "1.3.0",
        "@phosphor/disposable": "1.1.2"
      }
    },
    "@phosphor/keyboard": {
      "version": "1.1.2",
      "resolved": "http://registry.npm.taobao.org/@phosphor/keyboard/download/@phosphor/keyboard-1.1.2.tgz",
      "integrity": "sha1-PjIjRFF2QkCpjhSANNWoeXQi3R8="
    },
    "@phosphor/messaging": {
      "version": "1.2.2",
      "resolved": "http://registry.npm.taobao.org/@phosphor/messaging/download/@phosphor/messaging-1.2.2.tgz",
      "integrity": "sha1-fYlt3TeXuUo0dwje0T2leD23XBQ=",
      "requires": {
        "@phosphor/algorithm": "1.1.2",
        "@phosphor/collections": "1.1.2"
      }
    },
    "@phosphor/properties": {
      "version": "1.1.2",
      "resolved": "http://registry.npm.taobao.org/@phosphor/properties/download/@phosphor/properties-1.1.2.tgz",
      "integrity": "sha1-eMx37/RSg52gIlXeSOgUlGzAmig="
    },
    "@phosphor/signaling": {
      "version": "1.2.2",
      "resolved": "http://registry.npm.taobao.org/@phosphor/signaling/download/@phosphor/signaling-1.2.2.tgz",
      "integrity": "sha1-P8+Xyojji/s1f+j+a/dRM0elFKk=",
      "requires": {
        "@phosphor/algorithm": "1.1.2"
      }
    },
    "@phosphor/virtualdom": {
      "version": "1.1.2",
      "resolved": "http://registry.npm.taobao.org/@phosphor/virtualdom/download/@phosphor/virtualdom-1.1.2.tgz",
      "integrity": "sha1-zlXIbu8x5dDiax3JbqMr1oRFj0E=",
      "requires": {
        "@phosphor/algorithm": "1.1.2"
      }
    },
    "@phosphor/widgets": {
      "version": "1.5.0",
      "resolved": "http://registry.npm.taobao.org/@phosphor/widgets/download/@phosphor/widgets-1.5.0.tgz",
      "integrity": "sha1-X5mOhvX9542KpE19wUdobKZhaB4=",
      "requires": {
        "@phosphor/algorithm": "1.1.2",
        "@phosphor/commands": "1.4.0",
        "@phosphor/coreutils": "1.3.0",
        "@phosphor/disposable": "1.1.2",
        "@phosphor/domutils": "1.1.2",
        "@phosphor/dragdrop": "1.3.0",
        "@phosphor/keyboard": "1.1.2",
        "@phosphor/messaging": "1.2.2",
        "@phosphor/properties": "1.1.2",
        "@phosphor/signaling": "1.2.2",
        "@phosphor/virtualdom": "1.1.2"
      }
    },
    "@rafikam/jupiterlab-myextension": {
      "version": "0.1.0",
      "resolved": "http://registry.npm.taobao.org/@rafikam/jupiterlab-myextension/download/@rafikam/jupiterlab-myextension-0.1.0.tgz",
      "integrity": "sha1-6R40CCT1YXAEmLj9fXutrHZuEW8=",
      "requires": {
        "@jupyterlab/application": "0.11.1"
      }
    },
    "ajv": {
      "version": "5.1.6",
      "resolved": "http://registry.npm.taobao.org/ajv/download/ajv-5.1.6.tgz",
      "integrity": "sha1-Sy8aGd7Ok9V6whYDfj6XkcfdFWQ=",
      "requires": {
        "co": "4.6.0",
        "json-schema-traverse": "0.3.1",
        "json-stable-stringify": "1.0.1"
      }
    },
    "ansi_up": {
      "version": "1.3.0",
      "resolved": "http://registry.npm.taobao.org/ansi_up/download/ansi_up-1.3.0.tgz",
      "integrity": "sha1-yclGv8C5u16qBgaEvyq6r+aLvUQ="
    },
    "co": {
      "version": "4.6.0",
      "resolved": "http://registry.npm.taobao.org/co/download/co-4.6.0.tgz",
      "integrity": "sha1-bqa989hTrlTMuOR7+gvz+QMfsYQ="
    },
    "codemirror": {
      "version": "5.24.2",
      "resolved": "http://registry.npm.taobao.org/codemirror/download/codemirror-5.24.2.tgz",
      "integrity": "sha1-tVypUPoAlwnDffaOsTMxDtic8v4="
    },
    "core-util-is": {
      "version": "1.0.2",
      "resolved": "http://registry.npm.taobao.org/core-util-is/download/core-util-is-1.0.2.tgz",
      "integrity": "sha1-tf1UIgqivFq1eqtxQMlAdUUDwac="
    },
    "dom-serializer": {
      "version": "0.1.0",
      "resolved": "http://registry.npm.taobao.org/dom-serializer/download/dom-serializer-0.1.0.tgz",
      "integrity": "sha1-BzxpdUbOB4DOI75KKOKT5AvDDII=",
      "requires": {
        "domelementtype": "1.1.3",
        "entities": "1.1.1"
      },
      "dependencies": {
        "domelementtype": {
          "version": "1.1.3",
          "resolved": "http://registry.npm.taobao.org/domelementtype/download/domelementtype-1.1.3.tgz",
          "integrity": "sha1-vSh3PiZCiBrsUVRJJCmcXNgiGFs="
        }
      }
    },
    "domelementtype": {
      "version": "1.3.0",
      "resolved": "http://registry.npm.taobao.org/domelementtype/download/domelementtype-1.3.0.tgz",
      "integrity": "sha1-sXrtguirWeUt2cGbF1bg/BhyBMI="
    },
    "domhandler": {
      "version": "2.4.1",
      "resolved": "http://registry.npm.taobao.org/domhandler/download/domhandler-2.4.1.tgz",
      "integrity": "sha1-iS5HAAqZvlW783dP/qBWHYh5wlk=",
      "requires": {
        "domelementtype": "1.3.0"
      }
    },
    "domutils": {
      "version": "1.6.2",
      "resolved": "http://registry.npm.taobao.org/domutils/download/domutils-1.6.2.tgz",
      "integrity": "sha1-GVjMC0yUJuntNn+xyOhUiRsPo/8=",
      "requires": {
        "dom-serializer": "0.1.0",
        "domelementtype": "1.3.0"
      }
    },
    "entities": {
      "version": "1.1.1",
      "resolved": "http://registry.npm.taobao.org/entities/download/entities-1.1.1.tgz",
      "integrity": "sha1-blwtClYhtdra7O+AuQ7ftc13cvA="
    },
    "htmlparser2": {
      "version": "3.9.2",
      "resolved": "http://registry.npm.taobao.org/htmlparser2/download/htmlparser2-3.9.2.tgz",
      "integrity": "sha1-G9+HrMoPP55T+k/M6w9LTLsAszg=",
      "requires": {
        "domelementtype": "1.3.0",
        "domhandler": "2.4.1",
        "domutils": "1.6.2",
        "entities": "1.1.1",
        "inherits": "2.0.3",
        "readable-stream": "2.3.3"
      }
    },
    "inherits": {
      "version": "2.0.3",
      "resolved": "http://registry.npm.taobao.org/inherits/download/inherits-2.0.3.tgz",
      "integrity": "sha1-Yzwsg+PaQqUC9SRmAiSA9CCCYd4="
    },
    "isarray": {
      "version": "1.0.0",
      "resolved": "http://registry.npm.taobao.org/isarray/download/isarray-1.0.0.tgz",
      "integrity": "sha1-u5NdSFgsuhaMBoNJV6VKPgcSTxE="
    },
    "json-schema-traverse": {
      "version": "0.3.1",
      "resolved": "http://registry.npm.taobao.org/json-schema-traverse/download/json-schema-traverse-0.3.1.tgz",
      "integrity": "sha1-NJptRMU6Ud6JtAgFxdXlm0F9M0A="
    },
    "json-stable-stringify": {
      "version": "1.0.1",
      "resolved": "http://registry.npm.taobao.org/json-stable-stringify/download/json-stable-stringify-1.0.1.tgz",
      "integrity": "sha1-mnWdOcXy/1A/1TAGRu1EX4jE+a8=",
      "requires": {
        "jsonify": "0.0.0"
      }
    },
    "jsonify": {
      "version": "0.0.0",
      "resolved": "http://registry.npm.taobao.org/jsonify/download/jsonify-0.0.0.tgz",
      "integrity": "sha1-LHS27kHZPKUbe1qu6PUDYx0lKnM="
    },
    "lodash.escaperegexp": {
      "version": "4.1.2",
      "resolved": "http://registry.npm.taobao.org/lodash.escaperegexp/download/lodash.escaperegexp-4.1.2.tgz",
      "integrity": "sha1-ZHYsSGGAglGKw99Mz11YhtriA0c="
    },
    "marked": {
      "version": "0.3.12",
      "resolved": "http://registry.npm.taobao.org/marked/download/marked-0.3.12.tgz",
      "integrity": "sha1-fPJf8iUmMvP+JAa94ljpTu6SdRk="
    },
    "minimist": {
      "version": "1.2.0",
      "resolved": "http://registry.npm.taobao.org/minimist/download/minimist-1.2.0.tgz",
      "integrity": "sha1-o1AIsg9BOD7sH7kU9M1d95omQoQ="
    },
    "moment": {
      "version": "2.17.1",
      "resolved": "http://registry.npm.taobao.org/moment/download/moment-2.17.1.tgz",
      "integrity": "sha1-/tlQYGPzaxDwZsi1mhRNf66+HYI="
    },
    "path-posix": {
      "version": "1.0.0",
      "resolved": "http://registry.npm.taobao.org/path-posix/download/path-posix-1.0.0.tgz",
      "integrity": "sha1-BrJhE/Vr6rBCVFojv6iAA8ysJg8="
    },
    "process-nextick-args": {
      "version": "1.0.7",
      "resolved": "http://registry.npm.taobao.org/process-nextick-args/download/process-nextick-args-1.0.7.tgz",
      "integrity": "sha1-FQ4gt1ZZCtP5EJPyWk8q2L/zC6M="
    },
    "querystringify": {
      "version": "1.0.0",
      "resolved": "http://registry.npm.taobao.org/querystringify/download/querystringify-1.0.0.tgz",
      "integrity": "sha1-YoYkIRLFtxL6ZU5SZlK/ahP/Bcs="
    },
    "readable-stream": {
      "version": "2.3.3",
      "resolved": "http://registry.npm.taobao.org/readable-stream/download/readable-stream-2.3.3.tgz",
      "integrity": "sha1-No8lEtefnUb9/HE0mueHi7weuVw=",
      "requires": {
        "core-util-is": "1.0.2",
        "inherits": "2.0.3",
        "isarray": "1.0.0",
        "process-nextick-args": "1.0.7",
        "safe-buffer": "5.1.1",
        "string_decoder": "1.0.3",
        "util-deprecate": "1.0.2"
      }
    },
    "requires-port": {
      "version": "1.0.0",
      "resolved": "http://registry.npm.taobao.org/requires-port/download/requires-port-1.0.0.tgz",
      "integrity": "sha1-kl0mAdOaxIXgkc8NpcbmlNw9yv8="
    },
    "safe-buffer": {
      "version": "5.1.1",
      "resolved": "http://registry.npm.taobao.org/safe-buffer/download/safe-buffer-5.1.1.tgz",
      "integrity": "sha1-iTMSr2myEj3vcfV4iQAWce6yyFM="
    },
    "sanitize-html": {
      "version": "1.14.3",
      "resolved": "http://registry.npm.taobao.org/sanitize-html/download/sanitize-html-1.14.3.tgz",
      "integrity": "sha1-Yq/XwtRP/WBFmRIdSeJbk056VRQ=",
      "requires": {
        "htmlparser2": "3.9.2",
        "lodash.escaperegexp": "4.1.2",
        "xtend": "4.0.1"
      }
    },
    "string_decoder": {
      "version": "1.0.3",
      "resolved": "http://registry.npm.taobao.org/string_decoder/download/string_decoder-1.0.3.tgz",
      "integrity": "sha1-D8Z9fBQYJd6UKC3VNr7GubzoYKs=",
      "requires": {
        "safe-buffer": "5.1.1"
      }
    },
    "url-parse": {
      "version": "1.1.9",
      "resolved": "http://registry.npm.taobao.org/url-parse/download/url-parse-1.1.9.tgz",
      "integrity": "sha1-xn8dd11R8KGJEd17P/rSe7nlvRk=",
      "requires": {
        "querystringify": "1.0.0",
        "requires-port": "1.0.0"
      }
    },
    "util-deprecate": {
      "version": "1.0.2",
      "resolved": "http://registry.npm.taobao.org/util-deprecate/download/util-deprecate-1.0.2.tgz",
      "integrity": "sha1-RQ1Nyfpw3nMnYvvS1KKJgUGaDM8="
    },
    "xtend": {
      "version": "4.0.1",
      "resolved": "http://registry.npm.taobao.org/xtend/download/xtend-4.0.1.tgz",
      "integrity": "sha1-pcbVMr5lbiPbgg77lDofBJmNY68="
    }
  }
}
